
Microsoft Visual Studio Solution File, Format Version 12.00
# Visual Studio Version 17
VisualStudioVersion = 17.8.34330.188
MinimumVisualStudioVersion = 10.0.40219.1
Project("{FAE04EC0-301F-11D3-BF4B-00C04F79EFBC}") = "PedagioPayApiControlador", "PedagioPayApiControlador\PedagioPayApiControlador.csproj", "{47F1146C-988D-4E4B-AE6B-DB4B94F0D852}"
EndProject
Project("{FAE04EC0-301F-11D3-BF4B-00C04F79EFBC}") = "TestePedagioPayApiControlador", "TestePedagioPayApiControlador\TestePedagioPayApiControlador.csproj", "{92A1C988-1723-4B67-9E90-74EEB19CBEAE}"
EndProject
Global
	GlobalSection(SolutionConfigurationPlatforms) = preSolution
		Debug|Any CPU = Debug|Any CPU
		Release|Any CPU = Release|Any CPU
	EndGlobalSection
	GlobalSection(ProjectConfigurationPlatforms) = postSolution
		{47F1146C-988D-4E4B-AE6B-DB4B94F0D852}.Debug|Any CPU.ActiveCfg = Debug|Any CPU
		{47F1146C-988D-4E4B-AE6B-DB4B94F0D852}.Debug|Any CPU.Build.0 = Debug|Any CPU
		{47F1146C-988D-4E4B-AE6B-DB4B94F0D852}.Release|Any CPU.ActiveCfg = Release|Any CPU
		{47F1146C-988D-4E4B-AE6B-DB4B94F0D852}.Release|Any CPU.Build.0 = Release|Any CPU
		{92A1C988-1723-4B67-9E90-74EEB19CBEAE}.Debug|Any CPU.ActiveCfg = Debug|Any CPU
		{92A1C988-1723-4B67-9E90-74EEB19CBEAE}.Debug|Any CPU.Build.0 = Debug|Any CPU
		{92A1C988-1723-4B67-9E90-74EEB19CBEAE}.Release|Any CPU.ActiveCfg = Release|Any CPU
		{92A1C988-1723-4B67-9E90-74EEB19CBEAE}.Release|Any CPU.Build.0 = Release|Any CPU
	EndGlobalSection
	GlobalSection(SolutionProperties) = preSolution
		HideSolutionNode = FALSE
	EndGlobalSection
	GlobalSection(ExtensibilityGlobals) = postSolution
		SolutionGuid = {74F2C4C8-F9B1-4836-8309-1AEF64533447}
	EndGlobalSection
EndGlobal
